
Microsoft Visual Studio Solution File, Format Version 12.00
# Visual Studio Version 17
VisualStudioVersion = 17.5.002.0
MinimumVisualStudioVersion = 10.0.40219.1
Project("{9A19103F-16F7-4668-BE54-9A1E7A4F7556}") = "CDVAZureFN", "CDVAZureFN.csproj", "{90D5EECA-5263-46F7-AD1C-F5BD028F18C4}"
EndProject
Global
	GlobalSection(SolutionConfigurationPlatforms) = preSolution
		Debug|Any CPU = Debug|Any CPU
		Release|Any CPU = Release|Any CPU
	EndGlobalSection
	GlobalSection(ProjectConfigurationPlatforms) = postSolution
		{90D5EECA-5263-46F7-AD1C-F5BD028F18C4}.Debug|Any CPU.ActiveCfg = Debug|Any CPU
		{90D5EECA-5263-46F7-AD1C-F5BD028F18C4}.Debug|Any CPU.Build.0 = Debug|Any CPU
		{90D5EECA-5263-46F7-AD1C-F5BD028F18C4}.Release|Any CPU.ActiveCfg = Release|Any CPU
		{90D5EECA-5263-46F7-AD1C-F5BD028F18C4}.Release|Any CPU.Build.0 = Release|Any CPU
	EndGlobalSection
	GlobalSection(SolutionProperties) = preSolution
		HideSolutionNode = FALSE
	EndGlobalSection
	GlobalSection(ExtensibilityGlobals) = postSolution
		SolutionGuid = {3FCEA3DC-13ED-4EF9-BE64-309D835B0CD8}
	EndGlobalSection
EndGlobal
